// !$*UTF8*$!
{
	archiveVersion = 1;
	classes = {
	};
	objectVersion = 50;
	objects = {

/* Begin PBXBuildFile section */
		4C3E2A2A23C5342300A0A1ED /* CollectionViewController.swift in Sources */ = {isa = PBXBuildFile; fileRef = 4C3E2A2923C5342300A0A1ED /* CollectionViewController.swift */; };
		4C3E2A2C23C5343A00A0A1ED /* CollectionViewCell.swift in Sources */ = {isa = PBXBuildFile; fileRef = 4C3E2A2B23C5343A00A0A1ED /* CollectionViewCell.swift */; };
		4C3E2A2E23C5398D00A0A1ED /* defaultImages.plist in Resources */ = {isa = PBXBuildFile; fileRef = 4C3E2A2D23C5398D00A0A1ED /* defaultImages.plist */; };
		4C3E2A3423C9437100A0A1ED /* UIImage+Alpha.swift in Sources */ = {isa = PBXBuildFile; fileRef = 4C3E2A3323C9437100A0A1ED /* UIImage+Alpha.swift */; };
		4C3E2A7223CC377D00A0A1ED /* DisplayImageViewController.swift in Sources */ = {isa = PBXBuildFile; fileRef = 4C3E2A7123CC377D00A0A1ED /* DisplayImageViewController.swift */; };
		4C3E2A7623CC3B4B00A0A1ED /* RoundedButton.swift in Sources */ = {isa = PBXBuildFile; fileRef = 4C3E2A7523CC3B4B00A0A1ED /* RoundedButton.swift */; };
		4C3E2A7A23CD38C600A0A1ED /* ARPaperViewController.swift in Sources */ = {isa = PBXBuildFile; fileRef = 4C3E2A7923CD38C600A0A1ED /* ARPaperViewController.swift */; };
		4C5513A823D6C40400DF2D07 /* EdgeDetector.cpp in Sources */ = {isa = PBXBuildFile; fileRef = 4C5513A623D6C40400DF2D07 /* EdgeDetector.cpp */; };
		4C5513AB23D6CC0B00DF2D07 /* OpenCVCameraWrapper.mm in Sources */ = {isa = PBXBuildFile; fileRef = 4C5513AA23D6CC0B00DF2D07 /* OpenCVCameraWrapper.mm */; };
		4C5513AF23D6F9DB00DF2D07 /* opencv2.framework in Frameworks */ = {isa = PBXBuildFile; fileRef = 4C5513AE23D6F9DB00DF2D07 /* opencv2.framework */; };
		4C6E86A523C337F0003720BA /* AppDelegate.swift in Sources */ = {isa = PBXBuildFile; fileRef = 4C6E86A423C337F0003720BA /* AppDelegate.swift */; };
		4C6E86A723C337F0003720BA /* art.scnassets in Resources */ = {isa = PBXBuildFile; fileRef = 4C6E86A623C337F0003720BA /* art.scnassets */; };
		4C6E86A923C337F0003720BA /* ARViewController.swift in Sources */ = {isa = PBXBuildFile; fileRef = 4C6E86A823C337F0003720BA /* ARViewController.swift */; };
		4C6E86AC23C337F0003720BA /* Main.storyboard in Resources */ = {isa = PBXBuildFile; fileRef = 4C6E86AA23C337F0003720BA /* Main.storyboard */; };
		4C6E86AE23C337F3003720BA /* Assets.xcassets in Resources */ = {isa = PBXBuildFile; fileRef = 4C6E86AD23C337F3003720BA /* Assets.xcassets */; };
		4C6E86B123C337F3003720BA /* LaunchScreen.storyboard in Resources */ = {isa = PBXBuildFile; fileRef = 4C6E86AF23C337F3003720BA /* LaunchScreen.storyboard */; };
		4C6E86BC23C337F4003720BA /* doodlARTests.swift in Sources */ = {isa = PBXBuildFile; fileRef = 4C6E86BB23C337F4003720BA /* doodlARTests.swift */; };
		4C6E86C723C337F4003720BA /* doodlARUITests.swift in Sources */ = {isa = PBXBuildFile; fileRef = 4C6E86C623C337F4003720BA /* doodlARUITests.swift */; };
		4C6E86DB23C33BF3003720BA /* GridImage.swift in Sources */ = {isa = PBXBuildFile; fileRef = 4C6E86DA23C33BF3003720BA /* GridImage.swift */; };
/* End PBXBuildFile section */

/* Begin PBXContainerItemProxy section */
		4C6E86B823C337F4003720BA /* PBXContainerItemProxy */ = {
			isa = PBXContainerItemProxy;
			containerPortal = 4C6E869923C337F0003720BA /* Project object */;
			proxyType = 1;
			remoteGlobalIDString = 4C6E86A023C337F0003720BA;
			remoteInfo = doodlAR;
		};
		4C6E86C323C337F4003720BA /* PBXContainerItemProxy */ = {
			isa = PBXContainerItemProxy;
			containerPortal = 4C6E869923C337F0003720BA /* Project object */;
			proxyType = 1;
			remoteGlobalIDString = 4C6E86A023C337F0003720BA;
			remoteInfo = doodlAR;
		};
/* End PBXContainerItemProxy section */

/* Begin PBXFileReference section */
		4C068D4823D5A38A00518C29 /* doodlAR-Bridging-Header.h */ = {isa = PBXFileReference; lastKnownFileType = sourcecode.c.h; path = "doodlAR-Bridging-Header.h"; sourceTree = "<group>"; };
		4C3E2A2923C5342300A0A1ED /* CollectionViewController.swift */ = {isa = PBXFileReference; lastKnownFileType = sourcecode.swift; path = CollectionViewController.swift; sourceTree = "<group>"; };
		4C3E2A2B23C5343A00A0A1ED /* CollectionViewCell.swift */ = {isa = PBXFileReference; lastKnownFileType = sourcecode.swift; path = CollectionViewCell.swift; sourceTree = "<group>"; };
		4C3E2A2D23C5398D00A0A1ED /* defaultImages.plist */ = {isa = PBXFileReference; lastKnownFileType = text.plist.xml; path = defaultImages.plist; sourceTree = "<group>"; };
		4C3E2A3323C9437100A0A1ED /* UIImage+Alpha.swift */ = {isa = PBXFileReference; lastKnownFileType = sourcecode.swift; path = "UIImage+Alpha.swift"; sourceTree = "<group>"; };
		4C3E2A7123CC377D00A0A1ED /* DisplayImageViewController.swift */ = {isa = PBXFileReference; lastKnownFileType = sourcecode.swift; path = DisplayImageViewController.swift; sourceTree = "<group>"; };
		4C3E2A7523CC3B4B00A0A1ED /* RoundedButton.swift */ = {isa = PBXFileReference; lastKnownFileType = sourcecode.swift; path = RoundedButton.swift; sourceTree = "<group>"; };
		4C3E2A7923CD38C600A0A1ED /* ARPaperViewController.swift */ = {isa = PBXFileReference; lastKnownFileType = sourcecode.swift; path = ARPaperViewController.swift; sourceTree = "<group>"; };
		4C5513A623D6C40400DF2D07 /* EdgeDetector.cpp */ = {isa = PBXFileReference; lastKnownFileType = sourcecode.cpp.cpp; path = EdgeDetector.cpp; sourceTree = "<group>"; };
		4C5513A723D6C40400DF2D07 /* EdgeDetector.hpp */ = {isa = PBXFileReference; lastKnownFileType = sourcecode.cpp.h; path = EdgeDetector.hpp; sourceTree = "<group>"; };
		4C5513A923D6CC0B00DF2D07 /* OpenCVCameraWrapper.h */ = {isa = PBXFileReference; lastKnownFileType = sourcecode.c.h; path = OpenCVCameraWrapper.h; sourceTree = "<group>"; };
		4C5513AA23D6CC0B00DF2D07 /* OpenCVCameraWrapper.mm */ = {isa = PBXFileReference; lastKnownFileType = sourcecode.cpp.objcpp; path = OpenCVCameraWrapper.mm; sourceTree = "<group>"; };
		4C5513AE23D6F9DB00DF2D07 /* opencv2.framework */ = {isa = PBXFileReference; lastKnownFileType = wrapper.framework; path = opencv2.framework; sourceTree = "<group>"; };
		4C6E86A123C337F0003720BA /* doodlAR.app */ = {isa = PBXFileReference; explicitFileType = wrapper.application; includeInIndex = 0; path = doodlAR.app; sourceTree = BUILT_PRODUCTS_DIR; };
		4C6E86A423C337F0003720BA /* AppDelegate.swift */ = {isa = PBXFileReference; lastKnownFileType = sourcecode.swift; path = AppDelegate.swift; sourceTree = "<group>"; };
		4C6E86A623C337F0003720BA /* art.scnassets */ = {isa = PBXFileReference; lastKnownFileType = wrapper.scnassets; path = art.scnassets; sourceTree = "<group>"; };
		4C6E86A823C337F0003720BA /* ARViewController.swift */ = {isa = PBXFileReference; lastKnownFileType = sourcecode.swift; path = ARViewController.swift; sourceTree = "<group>"; };
		4C6E86AB23C337F0003720BA /* Base */ = {isa = PBXFileReference; lastKnownFileType = file.storyboard; name = Base; path = Base.lproj/Main.storyboard; sourceTree = "<group>"; };
		4C6E86AD23C337F3003720BA /* Assets.xcassets */ = {isa = PBXFileReference; lastKnownFileType = folder.assetcatalog; path = Assets.xcassets; sourceTree = "<group>"; };
		4C6E86B023C337F3003720BA /* Base */ = {isa = PBXFileReference; lastKnownFileType = file.storyboard; name = Base; path = Base.lproj/LaunchScreen.storyboard; sourceTree = "<group>"; };
		4C6E86B223C337F3003720BA /* Info.plist */ = {isa = PBXFileReference; lastKnownFileType = text.plist.xml; path = Info.plist; sourceTree = "<group>"; };
		4C6E86B723C337F4003720BA /* doodlARTests.xctest */ = {isa = PBXFileReference; explicitFileType = wrapper.cfbundle; includeInIndex = 0; path = doodlARTests.xctest; sourceTree = BUILT_PRODUCTS_DIR; };
		4C6E86BB23C337F4003720BA /* doodlARTests.swift */ = {isa = PBXFileReference; lastKnownFileType = sourcecode.swift; path = doodlARTests.swift; sourceTree = "<group>"; };
		4C6E86BD23C337F4003720BA /* Info.plist */ = {isa = PBXFileReference; lastKnownFileType = text.plist.xml; path = Info.plist; sourceTree = "<group>"; };
		4C6E86C223C337F4003720BA /* doodlARUITests.xctest */ = {isa = PBXFileReference; explicitFileType = wrapper.cfbundle; includeInIndex = 0; path = doodlARUITests.xctest; sourceTree = BUILT_PRODUCTS_DIR; };
		4C6E86C623C337F4003720BA /* doodlARUITests.swift */ = {isa = PBXFileReference; lastKnownFileType = sourcecode.swift; path = doodlARUITests.swift; sourceTree = "<group>"; };
		4C6E86C823C337F4003720BA /* Info.plist */ = {isa = PBXFileReference; lastKnownFileType = text.plist.xml; path = Info.plist; sourceTree = "<group>"; };
		4C6E86DA23C33BF3003720BA /* GridImage.swift */ = {isa = PBXFileReference; lastKnownFileType = sourcecode.swift; path = GridImage.swift; sourceTree = "<group>"; };
/* End PBXFileReference section */

/* Begin PBXFrameworksBuildPhase section */
		4C6E869E23C337F0003720BA /* Frameworks */ = {
			isa = PBXFrameworksBuildPhase;
			buildActionMask = 2147483647;
			files = (
				4C5513AF23D6F9DB00DF2D07 /* opencv2.framework in Frameworks */,
			);
			runOnlyForDeploymentPostprocessing = 0;
		};
		4C6E86B423C337F4003720BA /* Frameworks */ = {
			isa = PBXFrameworksBuildPhase;
			buildActionMask = 2147483647;
			files = (
			);
			runOnlyForDeploymentPostprocessing = 0;
		};
		4C6E86BF23C337F4003720BA /* Frameworks */ = {
			isa = PBXFrameworksBuildPhase;
			buildActionMask = 2147483647;
			files = (
			);
			runOnlyForDeploymentPostprocessing = 0;
		};
/* End PBXFrameworksBuildPhase section */

/* Begin PBXGroup section */
		4C068D4923D5A64100518C29 /* Frameworks */ = {
			isa = PBXGroup;
			children = (
				4C5513AE23D6F9DB00DF2D07 /* opencv2.framework */,
			);
			path = Frameworks;
			sourceTree = "<group>";
		};
		4C6E869823C337F0003720BA = {
			isa = PBXGroup;
			children = (
				4C6E86A323C337F0003720BA /* doodlAR */,
				4C6E86BA23C337F4003720BA /* doodlARTests */,
				4C6E86C523C337F4003720BA /* doodlARUITests */,
				4C6E86A223C337F0003720BA /* Products */,
				4C068D4923D5A64100518C29 /* Frameworks */,
			);
			sourceTree = "<group>";
		};
		4C6E86A223C337F0003720BA /* Products */ = {
			isa = PBXGroup;
			children = (
				4C6E86A123C337F0003720BA /* doodlAR.app */,
				4C6E86B723C337F4003720BA /* doodlARTests.xctest */,
				4C6E86C223C337F4003720BA /* doodlARUITests.xctest */,
			);
			name = Products;
			sourceTree = "<group>";
		};
		4C6E86A323C337F0003720BA /* doodlAR */ = {
			isa = PBXGroup;
			children = (
				4C6E86A423C337F0003720BA /* AppDelegate.swift */,
				4C6E86A623C337F0003720BA /* art.scnassets */,
				4C3E2A7523CC3B4B00A0A1ED /* RoundedButton.swift */,
				4C3E2A3323C9437100A0A1ED /* UIImage+Alpha.swift */,
				4C6E86A823C337F0003720BA /* ARViewController.swift */,
				4C3E2A2923C5342300A0A1ED /* CollectionViewController.swift */,
				4C3E2A7923CD38C600A0A1ED /* ARPaperViewController.swift */,
				4C3E2A2B23C5343A00A0A1ED /* CollectionViewCell.swift */,
				4C3E2A7123CC377D00A0A1ED /* DisplayImageViewController.swift */,
				4C6E86AA23C337F0003720BA /* Main.storyboard */,
				4C6E86AD23C337F3003720BA /* Assets.xcassets */,
				4C6E86AF23C337F3003720BA /* LaunchScreen.storyboard */,
				4C6E86B223C337F3003720BA /* Info.plist */,
				4C6E86DA23C33BF3003720BA /* GridImage.swift */,
				4C3E2A2D23C5398D00A0A1ED /* defaultImages.plist */,
				4C068D4823D5A38A00518C29 /* doodlAR-Bridging-Header.h */,
				4C5513A623D6C40400DF2D07 /* EdgeDetector.cpp */,
				4C5513A723D6C40400DF2D07 /* EdgeDetector.hpp */,
				4C5513A923D6CC0B00DF2D07 /* OpenCVCameraWrapper.h */,
				4C5513AA23D6CC0B00DF2D07 /* OpenCVCameraWrapper.mm */,
			);
			path = doodlAR;
			sourceTree = "<group>";
		};
		4C6E86BA23C337F4003720BA /* doodlARTests */ = {
			isa = PBXGroup;
			children = (
				4C6E86BB23C337F4003720BA /* doodlARTests.swift */,
				4C6E86BD23C337F4003720BA /* Info.plist */,
			);
			path = doodlARTests;
			sourceTree = "<group>";
		};
		4C6E86C523C337F4003720BA /* doodlARUITests */ = {
			isa = PBXGroup;
			children = (
				4C6E86C623C337F4003720BA /* doodlARUITests.swift */,
				4C6E86C823C337F4003720BA /* Info.plist */,
			);
			path = doodlARUITests;
			sourceTree = "<group>";
		};
/* End PBXGroup section */

/* Begin PBXNativeTarget section */
		4C6E86A023C337F0003720BA /* doodlAR */ = {
			isa = PBXNativeTarget;
			buildConfigurationList = 4C6E86CB23C337F4003720BA /* Build configuration list for PBXNativeTarget "doodlAR" */;
			buildPhases = (
				4C6E869D23C337F0003720BA /* Sources */,
				4C6E869E23C337F0003720BA /* Frameworks */,
				4C6E869F23C337F0003720BA /* Resources */,
			);
			buildRules = (
			);
			dependencies = (
			);
			name = doodlAR;
			productName = doodlAR;
			productReference = 4C6E86A123C337F0003720BA /* doodlAR.app */;
			productType = "com.apple.product-type.application";
		};
		4C6E86B623C337F4003720BA /* doodlARTests */ = {
			isa = PBXNativeTarget;
			buildConfigurationList = 4C6E86CE23C337F4003720BA /* Build configuration list for PBXNativeTarget "doodlARTests" */;
			buildPhases = (
				4C6E86B323C337F4003720BA /* Sources */,
				4C6E86B423C337F4003720BA /* Frameworks */,
				4C6E86B523C337F4003720BA /* Resources */,
			);
			buildRules = (
			);
			dependencies = (
				4C6E86B923C337F4003720BA /* PBXTargetDependency */,
			);
			name = doodlARTests;
			productName = doodlARTests;
			productReference = 4C6E86B723C337F4003720BA /* doodlARTests.xctest */;
			productType = "com.apple.product-type.bundle.unit-test";
		};
		4C6E86C123C337F4003720BA /* doodlARUITests */ = {
			isa = PBXNativeTarget;
			buildConfigurationList = 4C6E86D123C337F4003720BA /* Build configuration list for PBXNativeTarget "doodlARUITests" */;
			buildPhases = (
				4C6E86BE23C337F4003720BA /* Sources */,
				4C6E86BF23C337F4003720BA /* Frameworks */,
				4C6E86C023C337F4003720BA /* Resources */,
			);
			buildRules = (
			);
			dependencies = (
				4C6E86C423C337F4003720BA /* PBXTargetDependency */,
			);
			name = doodlARUITests;
			productName = doodlARUITests;
			productReference = 4C6E86C223C337F4003720BA /* doodlARUITests.xctest */;
			productType = "com.apple.product-type.bundle.ui-testing";
		};
/* End PBXNativeTarget section */

/* Begin PBXProject section */
		4C6E869923C337F0003720BA /* Project object */ = {
			isa = PBXProject;
			attributes = {
				LastSwiftUpdateCheck = 1130;
				LastUpgradeCheck = 1130;
				ORGANIZATIONNAME = "Eve Le";
				TargetAttributes = {
					4C6E86A023C337F0003720BA = {
						CreatedOnToolsVersion = 11.3;
						LastSwiftMigration = 1130;
					};
					4C6E86B623C337F4003720BA = {
						CreatedOnToolsVersion = 11.3;
						TestTargetID = 4C6E86A023C337F0003720BA;
					};
					4C6E86C123C337F4003720BA = {
						CreatedOnToolsVersion = 11.3;
						TestTargetID = 4C6E86A023C337F0003720BA;
					};
				};
			};
			buildConfigurationList = 4C6E869C23C337F0003720BA /* Build configuration list for PBXProject "doodlAR" */;
			compatibilityVersion = "Xcode 9.3";
			developmentRegion = en;
			hasScannedForEncodings = 0;
			knownRegions = (
				en,
				Base,
			);
			mainGroup = 4C6E869823C337F0003720BA;
			productRefGroup = 4C6E86A223C337F0003720BA /* Products */;
			projectDirPath = "";
			projectRoot = "";
			targets = (
				4C6E86A023C337F0003720BA /* doodlAR */,
				4C6E86B623C337F4003720BA /* doodlARTests */,
				4C6E86C123C337F4003720BA /* doodlARUITests */,
			);
		};
/* End PBXProject section */

/* Begin PBXResourcesBuildPhase section */
		4C6E869F23C337F0003720BA /* Resources */ = {
			isa = PBXResourcesBuildPhase;
			buildActionMask = 2147483647;
			files = (
				4C3E2A2E23C5398D00A0A1ED /* defaultImages.plist in Resources */,
				4C6E86A723C337F0003720BA /* art.scnassets in Resources */,
				4C6E86B123C337F3003720BA /* LaunchScreen.storyboard in Resources */,
				4C6E86AE23C337F3003720BA /* Assets.xcassets in Resources */,
				4C6E86AC23C337F0003720BA /* Main.storyboard in Resources */,
			);
			runOnlyForDeploymentPostprocessing = 0;
		};
		4C6E86B523C337F4003720BA /* Resources */ = {
			isa = PBXResourcesBuildPhase;
			buildActionMask = 2147483647;
			files = (
			);
			runOnlyForDeploymentPostprocessing = 0;
		};
		4C6E86C023C337F4003720BA /* Resources */ = {
			isa = PBXResourcesBuildPhase;
			buildActionMask = 2147483647;
			files = (
			);
			runOnlyForDeploymentPostprocessing = 0;
		};
/* End PBXResourcesBuildPhase section */

/* Begin PBXSourcesBuildPhase section */
		4C6E869D23C337F0003720BA /* Sources */ = {
			isa = PBXSourcesBuildPhase;
			buildActionMask = 2147483647;
			files = (
				4C3E2A2A23C5342300A0A1ED /* CollectionViewController.swift in Sources */,
				4C3E2A7223CC377D00A0A1ED /* DisplayImageViewController.swift in Sources */,
				4C6E86A923C337F0003720BA /* ARViewController.swift in Sources */,
				4C3E2A7A23CD38C600A0A1ED /* ARPaperViewController.swift in Sources */,
				4C3E2A7623CC3B4B00A0A1ED /* RoundedButton.swift in Sources */,
				4C5513AB23D6CC0B00DF2D07 /* OpenCVCameraWrapper.mm in Sources */,
				4C3E2A2C23C5343A00A0A1ED /* CollectionViewCell.swift in Sources */,
				4C6E86A523C337F0003720BA /* AppDelegate.swift in Sources */,
				4C3E2A3423C9437100A0A1ED /* UIImage+Alpha.swift in Sources */,
				4C6E86DB23C33BF3003720BA /* GridImage.swift in Sources */,
				4C5513A823D6C40400DF2D07 /* EdgeDetector.cpp in Sources */,
			);
			runOnlyForDeploymentPostprocessing = 0;
		};
		4C6E86B323C337F4003720BA /* Sources */ = {
			isa = PBXSourcesBuildPhase;
			buildActionMask = 2147483647;
			files = (
				4C6E86BC23C337F4003720BA /* doodlARTests.swift in Sources */,
			);
			runOnlyForDeploymentPostprocessing = 0;
		};
		4C6E86BE23C337F4003720BA /* Sources */ = {
			isa = PBXSourcesBuildPhase;
			buildActionMask = 2147483647;
			files = (
				4C6E86C723C337F4003720BA /* doodlARUITests.swift in Sources */,
			);
			runOnlyForDeploymentPostprocessing = 0;
		};
/* End PBXSourcesBuildPhase section */

/* Begin PBXTargetDependency section */
		4C6E86B923C337F4003720BA /* PBXTargetDependency */ = {
			isa = PBXTargetDependency;
			target = 4C6E86A023C337F0003720BA /* doodlAR */;
			targetProxy = 4C6E86B823C337F4003720BA /* PBXContainerItemProxy */;
		};
		4C6E86C423C337F4003720BA /* PBXTargetDependency */ = {
			isa = PBXTargetDependency;
			target = 4C6E86A023C337F0003720BA /* doodlAR */;
			targetProxy = 4C6E86C323C337F4003720BA /* PBXContainerItemProxy */;
		};
/* End PBXTargetDependency section */

/* Begin PBXVariantGroup section */
		4C6E86AA23C337F0003720BA /* Main.storyboard */ = {
			isa = PBXVariantGroup;
			children = (
				4C6E86AB23C337F0003720BA /* Base */,
			);
			name = Main.storyboard;
			sourceTree = "<group>";
		};
		4C6E86AF23C337F3003720BA /* LaunchScreen.storyboard */ = {
			isa = PBXVariantGroup;
			children = (
				4C6E86B023C337F3003720BA /* Base */,
			);
			name = LaunchScreen.storyboard;
			sourceTree = "<group>";
		};
/* End PBXVariantGroup section */

/* Begin XCBuildConfiguration section */
		4C6E86C923C337F4003720BA /* Debug */ = {
			isa = XCBuildConfiguration;
			buildSettings = {
				ALWAYS_SEARCH_USER_PATHS = NO;
				CLANG_ANALYZER_NONNULL = YES;
				CLANG_ANALYZER_NUMBER_OBJECT_CONVERSION = YES_AGGRESSIVE;
				CLANG_CXX_LANGUAGE_STANDARD = "gnu++14";
				CLANG_CXX_LIBRARY = "libc++";
				CLANG_ENABLE_MODULES = YES;
				CLANG_ENABLE_OBJC_ARC = YES;
				CLANG_ENABLE_OBJC_WEAK = YES;
				CLANG_WARN_BLOCK_CAPTURE_AUTORELEASING = YES;
				CLANG_WARN_BOOL_CONVERSION = YES;
				CLANG_WARN_COMMA = YES;
				CLANG_WARN_CONSTANT_CONVERSION = YES;
				CLANG_WARN_DEPRECATED_OBJC_IMPLEMENTATIONS = YES;
				CLANG_WARN_DIRECT_OBJC_ISA_USAGE = YES_ERROR;
				CLANG_WARN_DOCUMENTATION_COMMENTS = YES;
				CLANG_WARN_EMPTY_BODY = YES;
				CLANG_WARN_ENUM_CONVERSION = YES;
				CLANG_WARN_INFINITE_RECURSION = YES;
				CLANG_WARN_INT_CONVERSION = YES;
				CLANG_WARN_NON_LITERAL_NULL_CONVERSION = YES;
				CLANG_WARN_OBJC_IMPLICIT_RETAIN_SELF = YES;
				CLANG_WARN_OBJC_LITERAL_CONVERSION = YES;
				CLANG_WARN_OBJC_ROOT_CLASS = YES_ERROR;
				CLANG_WARN_RANGE_LOOP_ANALYSIS = YES;
				CLANG_WARN_STRICT_PROTOTYPES = YES;
				CLANG_WARN_SUSPICIOUS_MOVE = YES;
				CLANG_WARN_UNGUARDED_AVAILABILITY = YES_AGGRESSIVE;
				CLANG_WARN_UNREACHABLE_CODE = YES;
				CLANG_WARN__DUPLICATE_METHOD_MATCH = YES;
				COPY_PHASE_STRIP = NO;
				DEBUG_INFORMATION_FORMAT = dwarf;
				ENABLE_STRICT_OBJC_MSGSEND = YES;
				ENABLE_TESTABILITY = YES;
				GCC_C_LANGUAGE_STANDARD = gnu11;
				GCC_DYNAMIC_NO_PIC = NO;
				GCC_NO_COMMON_BLOCKS = YES;
				GCC_OPTIMIZATION_LEVEL = 0;
				GCC_PREPROCESSOR_DEFINITIONS = (
					"DEBUG=1",
					"$(inherited)",
				);
				GCC_WARN_64_TO_32_BIT_CONVERSION = YES;
				GCC_WARN_ABOUT_RETURN_TYPE = YES_ERROR;
				GCC_WARN_UNDECLARED_SELECTOR = YES;
				GCC_WARN_UNINITIALIZED_AUTOS = YES_AGGRESSIVE;
				GCC_WARN_UNUSED_FUNCTION = YES;
				GCC_WARN_UNUSED_VARIABLE = YES;
				IPHONEOS_DEPLOYMENT_TARGET = 13.2;
				MTL_ENABLE_DEBUG_INFO = INCLUDE_SOURCE;
				MTL_FAST_MATH = YES;
				ONLY_ACTIVE_ARCH = YES;
				SDKROOT = iphoneos;
				SWIFT_ACTIVE_COMPILATION_CONDITIONS = DEBUG;
				SWIFT_OPTIMIZATION_LEVEL = "-Onone";
			};
			name = Debug;
		};
		4C6E86CA23C337F4003720BA /* Release */ = {
			isa = XCBuildConfiguration;
			buildSettings = {
				ALWAYS_SEARCH_USER_PATHS = NO;
				CLANG_ANALYZER_NONNULL = YES;
				CLANG_ANALYZER_NUMBER_OBJECT_CONVERSION = YES_AGGRESSIVE;
				CLANG_CXX_LANGUAGE_STANDARD = "gnu++14";
				CLANG_CXX_LIBRARY = "libc++";
				CLANG_ENABLE_MODULES = YES;
				CLANG_ENABLE_OBJC_ARC = YES;
				CLANG_ENABLE_OBJC_WEAK = YES;
				CLANG_WARN_BLOCK_CAPTURE_AUTORELEASING = YES;
				CLANG_WARN_BOOL_CONVERSION = YES;
				CLANG_WARN_COMMA = YES;
				CLANG_WARN_CONSTANT_CONVERSION = YES;
				CLANG_WARN_DEPRECATED_OBJC_IMPLEMENTATIONS = YES;
				CLANG_WARN_DIRECT_OBJC_ISA_USAGE = YES_ERROR;
				CLANG_WARN_DOCUMENTATION_COMMENTS = YES;
				CLANG_WARN_EMPTY_BODY = YES;
				CLANG_WARN_ENUM_CONVERSION = YES;
				CLANG_WARN_INFINITE_RECURSION = YES;
				CLANG_WARN_INT_CONVERSION = YES;
				CLANG_WARN_NON_LITERAL_NULL_CONVERSION = YES;
				CLANG_WARN_OBJC_IMPLICIT_RETAIN_SELF = YES;
				CLANG_WARN_OBJC_LITERAL_CONVERSION = YES;
				CLANG_WARN_OBJC_ROOT_CLASS = YES_ERROR;
				CLANG_WARN_RANGE_LOOP_ANALYSIS = YES;
				CLANG_WARN_STRICT_PROTOTYPES = YES;
				CLANG_WARN_SUSPICIOUS_MOVE = YES;
				CLANG_WARN_UNGUARDED_AVAILABILITY = YES_AGGRESSIVE;
				CLANG_WARN_UNREACHABLE_CODE = YES;
				CLANG_WARN__DUPLICATE_METHOD_MATCH = YES;
				COPY_PHASE_STRIP = NO;
				DEBUG_INFORMATION_FORMAT = "dwarf-with-dsym";
				ENABLE_NS_ASSERTIONS = NO;
				ENABLE_STRICT_OBJC_MSGSEND = YES;
				GCC_C_LANGUAGE_STANDARD = gnu11;
				GCC_NO_COMMON_BLOCKS = YES;
				GCC_WARN_64_TO_32_BIT_CONVERSION = YES;
				GCC_WARN_ABOUT_RETURN_TYPE = YES_ERROR;
				GCC_WARN_UNDECLARED_SELECTOR = YES;
				GCC_WARN_UNINITIALIZED_AUTOS = YES_AGGRESSIVE;
				GCC_WARN_UNUSED_FUNCTION = YES;
				GCC_WARN_UNUSED_VARIABLE = YES;
				IPHONEOS_DEPLOYMENT_TARGET = 13.2;
				MTL_ENABLE_DEBUG_INFO = NO;
				MTL_FAST_MATH = YES;
				SDKROOT = iphoneos;
				SWIFT_COMPILATION_MODE = wholemodule;
				SWIFT_OPTIMIZATION_LEVEL = "-O";
				VALIDATE_PRODUCT = YES;
			};
			name = Release;
		};
		4C6E86CC23C337F4003720BA /* Debug */ = {
			isa = XCBuildConfiguration;
			buildSettings = {
				ASSETCATALOG_COMPILER_APPICON_NAME = AppIcon;
				CLANG_ENABLE_MODULES = YES;
				CODE_SIGN_STYLE = Automatic;
				DEVELOPMENT_TEAM = 57X2M75D7L;
				FRAMEWORK_SEARCH_PATHS = (
					"$(inherited)",
					"$(PROJECT_DIR)/Frameworks",
				);
				INFOPLIST_FILE = doodlAR/Info.plist;
				LD_RUNPATH_SEARCH_PATHS = (
					"$(inherited)",
					"@executable_path/Frameworks",
				);
				PRODUCT_BUNDLE_IDENTIFIER = com.ada.c12.eve.doodlAR;
				PRODUCT_NAME = "$(TARGET_NAME)";
				SWIFT_OBJC_BRIDGING_HEADER = "doodlAR/doodlAR-Bridging-Header.h";
				SWIFT_OPTIMIZATION_LEVEL = "-Onone";
				SWIFT_VERSION = 5.0;
				TARGETED_DEVICE_FAMILY = "1,2";
			};
			name = Debug;
		};
		4C6E86CD23C337F4003720BA /* Release */ = {
			isa = XCBuildConfiguration;
			buildSettings = {
				ASSETCATALOG_COMPILER_APPICON_NAME = AppIcon;
				CLANG_ENABLE_MODULES = YES;
				CODE_SIGN_STYLE = Automatic;
				DEVELOPMENT_TEAM = 57X2M75D7L;
				FRAMEWORK_SEARCH_PATHS = (
					"$(inherited)",
					"$(PROJECT_DIR)/Frameworks",
				);
				INFOPLIST_FILE = doodlAR/Info.plist;
				LD_RUNPATH_SEARCH_PATHS = (
					"$(inherited)",
					"@executable_path/Frameworks",
				);
				PRODUCT_BUNDLE_IDENTIFIER = com.ada.c12.eve.doodlAR;
				PRODUCT_NAME = "$(TARGET_NAME)";
				SWIFT_OBJC_BRIDGING_HEADER = "doodlAR/doodlAR-Bridging-Header.h";
				SWIFT_VERSION = 5.0;
				TARGETED_DEVICE_FAMILY = "1,2";
			};
			name = Release;
		};
		4C6E86CF23C337F4003720BA /* Debug */ = {
			isa = XCBuildConfiguration;
			buildSettings = {
				ALWAYS_EMBED_SWIFT_STANDARD_LIBRARIES = YES;
				BUNDLE_LOADER = "$(TEST_HOST)";
				CODE_SIGN_STYLE = Automatic;
				DEVELOPMENT_TEAM = 57X2M75D7L;
				INFOPLIST_FILE = doodlARTests/Info.plist;
				IPHONEOS_DEPLOYMENT_TARGET = 13.2;
				LD_RUNPATH_SEARCH_PATHS = (
					"$(inherited)",
					"@executable_path/Frameworks",
					"@loader_path/Frameworks",
				);
				PRODUCT_BUNDLE_IDENTIFIER = com.ada.c12.eve.doodlARTests;
				PRODUCT_NAME = "$(TARGET_NAME)";
				SWIFT_VERSION = 5.0;
				TARGETED_DEVICE_FAMILY = "1,2";
				TEST_HOST = "$(BUILT_PRODUCTS_DIR)/doodlAR.app/doodlAR";
			};
			name = Debug;
		};
		4C6E86D023C337F4003720BA /* Release */ = {
			isa = XCBuildConfiguration;
			buildSettings = {
				ALWAYS_EMBED_SWIFT_STANDARD_LIBRARIES = YES;
				BUNDLE_LOADER = "$(TEST_HOST)";
				CODE_SIGN_STYLE = Automatic;
				DEVELOPMENT_TEAM = 57X2M75D7L;
				INFOPLIST_FILE = doodlARTests/Info.plist;
				IPHONEOS_DEPLOYMENT_TARGET = 13.2;
				LD_RUNPATH_SEARCH_PATHS = (
					"$(inherited)",
					"@executable_path/Frameworks",
					"@loader_path/Frameworks",
				);
				PRODUCT_BUNDLE_IDENTIFIER = com.ada.c12.eve.doodlARTests;
				PRODUCT_NAME = "$(TARGET_NAME)";
				SWIFT_VERSION = 5.0;
				TARGETED_DEVICE_FAMILY = "1,2";
				TEST_HOST = "$(BUILT_PRODUCTS_DIR)/doodlAR.app/doodlAR";
			};
			name = Release;
		};
		4C6E86D223C337F4003720BA /* Debug */ = {
			isa = XCBuildConfiguration;
			buildSettings = {
				ALWAYS_EMBED_SWIFT_STANDARD_LIBRARIES = YES;
				CODE_SIGN_STYLE = Automatic;
				DEVELOPMENT_TEAM = 57X2M75D7L;
				INFOPLIST_FILE = doodlARUITests/Info.plist;
				LD_RUNPATH_SEARCH_PATHS = (
					"$(inherited)",
					"@executable_path/Frameworks",
					"@loader_path/Frameworks",
				);
				PRODUCT_BUNDLE_IDENTIFIER = com.ada.c12.eve.doodlARUITests;
				PRODUCT_NAME = "$(TARGET_NAME)";
				SWIFT_VERSION = 5.0;
				TARGETED_DEVICE_FAMILY = "1,2";
				TEST_TARGET_NAME = doodlAR;
			};
			name = Debug;
		};
		4C6E86D323C337F4003720BA /* Release */ = {
			isa = XCBuildConfiguration;
			buildSettings = {
				ALWAYS_EMBED_SWIFT_STANDARD_LIBRARIES = YES;
				CODE_SIGN_STYLE = Automatic;
				DEVELOPMENT_TEAM = 57X2M75D7L;
				INFOPLIST_FILE = doodlARUITests/Info.plist;
				LD_RUNPATH_SEARCH_PATHS = (
					"$(inherited)",
					"@executable_path/Frameworks",
					"@loader_path/Frameworks",
				);
				PRODUCT_BUNDLE_IDENTIFIER = com.ada.c12.eve.doodlARUITests;
				PRODUCT_NAME = "$(TARGET_NAME)";
				SWIFT_VERSION = 5.0;
				TARGETED_DEVICE_FAMILY = "1,2";
				TEST_TARGET_NAME = doodlAR;
			};
			name = Release;
		};
/* End XCBuildConfiguration section */

/* Begin XCConfigurationList section */
		4C6E869C23C337F0003720BA /* Build configuration list for PBXProject "doodlAR" */ = {
			isa = XCConfigurationList;
			buildConfigurations = (
				4C6E86C923C337F4003720BA /* Debug */,
				4C6E86CA23C337F4003720BA /* Release */,
			);
			defaultConfigurationIsVisible = 0;
			defaultConfigurationName = Release;
		};
		4C6E86CB23C337F4003720BA /* Build configuration list for PBXNativeTarget "doodlAR" */ = {
			isa = XCConfigurationList;
			buildConfigurations = (
				4C6E86CC23C337F4003720BA /* Debug */,
				4C6E86CD23C337F4003720BA /* Release */,
			);
			defaultConfigurationIsVisible = 0;
			defaultConfigurationName = Release;
		};
		4C6E86CE23C337F4003720BA /* Build configuration list for PBXNativeTarget "doodlARTests" */ = {
			isa = XCConfigurationList;
			buildConfigurations = (
				4C6E86CF23C337F4003720BA /* Debug */,
				4C6E86D023C337F4003720BA /* Release */,
			);
			defaultConfigurationIsVisible = 0;
			defaultConfigurationName = Release;
		};
		4C6E86D123C337F4003720BA /* Build configuration list for PBXNativeTarget "doodlARUITests" */ = {
			isa = XCConfigurationList;
			buildConfigurations = (
				4C6E86D223C337F4003720BA /* Debug */,
				4C6E86D323C337F4003720BA /* Release */,
			);
			defaultConfigurationIsVisible = 0;
			defaultConfigurationName = Release;
		};
/* End XCConfigurationList section */
	};
	rootObject = 4C6E869923C337F0003720BA /* Project object */;
}
